
Microsoft Visual Studio Solution File, Format Version 12.00
# Visual Studio Version 16
VisualStudioVersion = 16.0.31129.286
MinimumVisualStudioVersion = 10.0.40219.1
Project("{9A19103F-16F7-4668-BE54-9A1E7A4F7556}") = "StartUpAppsViewer", "WpfApp1\StartUpAppsViewer.csproj", "{0B34FACD-45FB-4B0F-A141-7719A402DF2D}"
EndProject
Global
	GlobalSection(SolutionConfigurationPlatforms) = preSolution
		Debug|Any CPU = Debug|Any CPU
		Release|Any CPU = Release|Any CPU
	EndGlobalSection
	GlobalSection(ProjectConfigurationPlatforms) = postSolution
		{0B34FACD-45FB-4B0F-A141-7719A402DF2D}.Debug|Any CPU.ActiveCfg = Debug|Any CPU
		{0B34FACD-45FB-4B0F-A141-7719A402DF2D}.Debug|Any CPU.Build.0 = Debug|Any CPU
		{0B34FACD-45FB-4B0F-A141-7719A402DF2D}.Release|Any CPU.ActiveCfg = Release|Any CPU
		{0B34FACD-45FB-4B0F-A141-7719A402DF2D}.Release|Any CPU.Build.0 = Release|Any CPU
	EndGlobalSection
	GlobalSection(SolutionProperties) = preSolution
		HideSolutionNode = FALSE
	EndGlobalSection
	GlobalSection(ExtensibilityGlobals) = postSolution
		SolutionGuid = {906FC754-8D76-424D-9625-A1474808B928}
	EndGlobalSection
EndGlobal
